// !$*UTF8*$!
{
	archiveVersion = 1;
	classes = {
	};
	objectVersion = 56;
	objects = {

/* Begin PBXBuildFile section */
		163AAA8A294F8055002A34F1 /* UserDetailViewController.swift in Sources */ = {isa = PBXBuildFile; fileRef = 163AAA89294F8055002A34F1 /* UserDetailViewController.swift */; };
		16A5D048294C7C8C00DE2C36 /* AppDelegate.swift in Sources */ = {isa = PBXBuildFile; fileRef = 16A5D047294C7C8C00DE2C36 /* AppDelegate.swift */; };
		16A5D04A294C7C8C00DE2C36 /* SceneDelegate.swift in Sources */ = {isa = PBXBuildFile; fileRef = 16A5D049294C7C8C00DE2C36 /* SceneDelegate.swift */; };
		16A5D04C294C7C8C00DE2C36 /* ListingVC.swift in Sources */ = {isa = PBXBuildFile; fileRef = 16A5D04B294C7C8C00DE2C36 /* ListingVC.swift */; };
		16A5D04F294C7C8C00DE2C36 /* Main.storyboard in Resources */ = {isa = PBXBuildFile; fileRef = 16A5D04D294C7C8C00DE2C36 /* Main.storyboard */; };
		16A5D051294C7C8D00DE2C36 /* Assets.xcassets in Resources */ = {isa = PBXBuildFile; fileRef = 16A5D050294C7C8D00DE2C36 /* Assets.xcassets */; };
		16A5D054294C7C8D00DE2C36 /* LaunchScreen.storyboard in Resources */ = {isa = PBXBuildFile; fileRef = 16A5D052294C7C8D00DE2C36 /* LaunchScreen.storyboard */; };
		16A5D05C294C7DA500DE2C36 /* ListingTableViewCell.swift in Sources */ = {isa = PBXBuildFile; fileRef = 16A5D05B294C7DA500DE2C36 /* ListingTableViewCell.swift */; };
		16A5D05E294C872300DE2C36 /* RestAPIManager.swift in Sources */ = {isa = PBXBuildFile; fileRef = 16A5D05D294C872300DE2C36 /* RestAPIManager.swift */; };
		16A5D060294C8A3E00DE2C36 /* NoteListModel.swift in Sources */ = {isa = PBXBuildFile; fileRef = 16A5D05F294C8A3E00DE2C36 /* NoteListModel.swift */; };
		16A5D067294CB54100DE2C36 /* NotesDetailVC.swift in Sources */ = {isa = PBXBuildFile; fileRef = 16A5D066294CB54100DE2C36 /* NotesDetailVC.swift */; };
		16A5D06A294CD6AE00DE2C36 /* ImageCollectionViewCell.swift in Sources */ = {isa = PBXBuildFile; fileRef = 16A5D069294CD6AE00DE2C36 /* ImageCollectionViewCell.swift */; };
		16A5D06C294CD74A00DE2C36 /* ImageViewController.swift in Sources */ = {isa = PBXBuildFile; fileRef = 16A5D06B294CD74A00DE2C36 /* ImageViewController.swift */; };
		342EEA5CE5C9894D85B1EDEF /* Pods_ShakeerMachineTest.framework in Frameworks */ = {isa = PBXBuildFile; fileRef = AFE7DFBD2D49EB16D0814817 /* Pods_ShakeerMachineTest.framework */; };
/* End PBXBuildFile section */

/* Begin PBXFileReference section */
		163AAA89294F8055002A34F1 /* UserDetailViewController.swift */ = {isa = PBXFileReference; lastKnownFileType = sourcecode.swift; path = UserDetailViewController.swift; sourceTree = "<group>"; };
		16A5D044294C7C8C00DE2C36 /* ShakeerMachineTest.app */ = {isa = PBXFileReference; explicitFileType = wrapper.application; includeInIndex = 0; path = ShakeerMachineTest.app; sourceTree = BUILT_PRODUCTS_DIR; };
		16A5D047294C7C8C00DE2C36 /* AppDelegate.swift */ = {isa = PBXFileReference; lastKnownFileType = sourcecode.swift; path = AppDelegate.swift; sourceTree = "<group>"; };
		16A5D049294C7C8C00DE2C36 /* SceneDelegate.swift */ = {isa = PBXFileReference; lastKnownFileType = sourcecode.swift; path = SceneDelegate.swift; sourceTree = "<group>"; };
		16A5D04B294C7C8C00DE2C36 /* ListingVC.swift */ = {isa = PBXFileReference; lastKnownFileType = sourcecode.swift; path = ListingVC.swift; sourceTree = "<group>"; };
		16A5D04E294C7C8C00DE2C36 /* Base */ = {isa = PBXFileReference; lastKnownFileType = file.storyboard; name = Base; path = Base.lproj/Main.storyboard; sourceTree = "<group>"; };
		16A5D050294C7C8D00DE2C36 /* Assets.xcassets */ = {isa = PBXFileReference; lastKnownFileType = folder.assetcatalog; path = Assets.xcassets; sourceTree = "<group>"; };
		16A5D053294C7C8D00DE2C36 /* Base */ = {isa = PBXFileReference; lastKnownFileType = file.storyboard; name = Base; path = Base.lproj/LaunchScreen.storyboard; sourceTree = "<group>"; };
		16A5D055294C7C8D00DE2C36 /* Info.plist */ = {isa = PBXFileReference; lastKnownFileType = text.plist.xml; path = Info.plist; sourceTree = "<group>"; };
		16A5D05B294C7DA500DE2C36 /* ListingTableViewCell.swift */ = {isa = PBXFileReference; lastKnownFileType = sourcecode.swift; path = ListingTableViewCell.swift; sourceTree = "<group>"; };
		16A5D05D294C872300DE2C36 /* RestAPIManager.swift */ = {isa = PBXFileReference; lastKnownFileType = sourcecode.swift; path = RestAPIManager.swift; sourceTree = "<group>"; };
		16A5D05F294C8A3E00DE2C36 /* NoteListModel.swift */ = {isa = PBXFileReference; fileEncoding = 4; lastKnownFileType = sourcecode.swift; path = NoteListModel.swift; sourceTree = "<group>"; };
		16A5D066294CB54100DE2C36 /* NotesDetailVC.swift */ = {isa = PBXFileReference; lastKnownFileType = sourcecode.swift; path = NotesDetailVC.swift; sourceTree = "<group>"; };
		16A5D069294CD6AE00DE2C36 /* ImageCollectionViewCell.swift */ = {isa = PBXFileReference; lastKnownFileType = sourcecode.swift; path = ImageCollectionViewCell.swift; sourceTree = "<group>"; };
		16A5D06B294CD74A00DE2C36 /* ImageViewController.swift */ = {isa = PBXFileReference; lastKnownFileType = sourcecode.swift; path = ImageViewController.swift; sourceTree = "<group>"; };
		5B3BAFF454C190E9EF20AA73 /* Pods-ShakeerMachineTest.debug.xcconfig */ = {isa = PBXFileReference; includeInIndex = 1; lastKnownFileType = text.xcconfig; name = "Pods-ShakeerMachineTest.debug.xcconfig"; path = "Target Support Files/Pods-ShakeerMachineTest/Pods-ShakeerMachineTest.debug.xcconfig"; sourceTree = "<group>"; };
		AFE7DFBD2D49EB16D0814817 /* Pods_ShakeerMachineTest.framework */ = {isa = PBXFileReference; explicitFileType = wrapper.framework; includeInIndex = 0; path = Pods_ShakeerMachineTest.framework; sourceTree = BUILT_PRODUCTS_DIR; };
		B9A5732C7F4FBA7D8BE98A26 /* Pods-ShakeerMachineTest.release.xcconfig */ = {isa = PBXFileReference; includeInIndex = 1; lastKnownFileType = text.xcconfig; name = "Pods-ShakeerMachineTest.release.xcconfig"; path = "Target Support Files/Pods-ShakeerMachineTest/Pods-ShakeerMachineTest.release.xcconfig"; sourceTree = "<group>"; };
/* End PBXFileReference section */

/* Begin PBXFrameworksBuildPhase section */
		16A5D041294C7C8C00DE2C36 /* Frameworks */ = {
			isa = PBXFrameworksBuildPhase;
			buildActionMask = 2147483647;
			files = (
				342EEA5CE5C9894D85B1EDEF /* Pods_ShakeerMachineTest.framework in Frameworks */,
			);
			runOnlyForDeploymentPostprocessing = 0;
		};
/* End PBXFrameworksBuildPhase section */

/* Begin PBXGroup section */
		1617BD3B295044B8004B0D31 /* Model */ = {
			isa = PBXGroup;
			children = (
				16A5D05F294C8A3E00DE2C36 /* NoteListModel.swift */,
			);
			path = Model;
			sourceTree = "<group>";
		};
		16A5D03B294C7C8C00DE2C36 = {
			isa = PBXGroup;
			children = (
				16A5D046294C7C8C00DE2C36 /* ShakeerMachineTest */,
				16A5D045294C7C8C00DE2C36 /* Products */,
				C1F983A8224399812761E3B4 /* Pods */,
				199D41C4B613CE03C6A1613A /* Frameworks */,
			);
			sourceTree = "<group>";
		};
		16A5D045294C7C8C00DE2C36 /* Products */ = {
			isa = PBXGroup;
			children = (
				16A5D044294C7C8C00DE2C36 /* ShakeerMachineTest.app */,
			);
			name = Products;
			sourceTree = "<group>";
		};
		16A5D046294C7C8C00DE2C36 /* ShakeerMachineTest */ = {
			isa = PBXGroup;
			children = (
				16A5D068294CD66A00DE2C36 /* CollectionViewCell */,
				16A5D065294CB0C100DE2C36 /* ApiManager */,
				16A5D064294CB0A100DE2C36 /* TableViewCell */,
				16A5D063294CB08E00DE2C36 /* ViewControllers */,
				1617BD3B295044B8004B0D31 /* Model */,
				16A5D047294C7C8C00DE2C36 /* AppDelegate.swift */,
				16A5D049294C7C8C00DE2C36 /* SceneDelegate.swift */,
				16A5D04D294C7C8C00DE2C36 /* Main.storyboard */,
				16A5D050294C7C8D00DE2C36 /* Assets.xcassets */,
				16A5D052294C7C8D00DE2C36 /* LaunchScreen.storyboard */,
				16A5D055294C7C8D00DE2C36 /* Info.plist */,
			);
			path = ShakeerMachineTest;
			sourceTree = "<group>";
		};
		16A5D063294CB08E00DE2C36 /* ViewControllers */ = {
			isa = PBXGroup;
			children = (
				16A5D066294CB54100DE2C36 /* NotesDetailVC.swift */,
				16A5D04B294C7C8C00DE2C36 /* ListingVC.swift */,
				16A5D06B294CD74A00DE2C36 /* ImageViewController.swift */,
				163AAA89294F8055002A34F1 /* UserDetailViewController.swift */,
			);
			path = ViewControllers;
			sourceTree = "<group>";
		};
		16A5D064294CB0A100DE2C36 /* TableViewCell */ = {
			isa = PBXGroup;
			children = (
				16A5D05B294C7DA500DE2C36 /* ListingTableViewCell.swift */,
			);
			path = TableViewCell;
			sourceTree = "<group>";
		};
		16A5D065294CB0C100DE2C36 /* ApiManager */ = {
			isa = PBXGroup;
			children = (
				16A5D05D294C872300DE2C36 /* RestAPIManager.swift */,
			);
			path = ApiManager;
			sourceTree = "<group>";
		};
		16A5D068294CD66A00DE2C36 /* CollectionViewCell */ = {
			isa = PBXGroup;
			children = (
				16A5D069294CD6AE00DE2C36 /* ImageCollectionViewCell.swift */,
			);
			path = CollectionViewCell;
			sourceTree = "<group>";
		};
		199D41C4B613CE03C6A1613A /* Frameworks */ = {
			isa = PBXGroup;
			children = (
				AFE7DFBD2D49EB16D0814817 /* Pods_ShakeerMachineTest.framework */,
			);
			name = Frameworks;
			sourceTree = "<group>";
		};
		C1F983A8224399812761E3B4 /* Pods */ = {
			isa = PBXGroup;
			children = (
				5B3BAFF454C190E9EF20AA73 /* Pods-ShakeerMachineTest.debug.xcconfig */,
				B9A5732C7F4FBA7D8BE98A26 /* Pods-ShakeerMachineTest.release.xcconfig */,
			);
			path = Pods;
			sourceTree = "<group>";
		};
/* End PBXGroup section */

/* Begin PBXNativeTarget section */
		16A5D043294C7C8C00DE2C36 /* ShakeerMachineTest */ = {
			isa = PBXNativeTarget;
			buildConfigurationList = 16A5D058294C7C8D00DE2C36 /* Build configuration list for PBXNativeTarget "ShakeerMachineTest" */;
			buildPhases = (
				5723657E33DFFBF92FBBD588 /* [CP] Check Pods Manifest.lock */,
				16A5D040294C7C8C00DE2C36 /* Sources */,
				16A5D041294C7C8C00DE2C36 /* Frameworks */,
				16A5D042294C7C8C00DE2C36 /* Resources */,
				1352CFF9F8DF71ACD2E1D37F /* [CP] Embed Pods Frameworks */,
			);
			buildRules = (
			);
			dependencies = (
			);
			name = ShakeerMachineTest;
			productName = ShakeerMachineTest;
			productReference = 16A5D044294C7C8C00DE2C36 /* ShakeerMachineTest.app */;
			productType = "com.apple.product-type.application";
		};
/* End PBXNativeTarget section */

/* Begin PBXProject section */
		16A5D03C294C7C8C00DE2C36 /* Project object */ = {
			isa = PBXProject;
			attributes = {
				BuildIndependentTargetsInParallel = 1;
				LastSwiftUpdateCheck = 1410;
				LastUpgradeCheck = 1410;
				TargetAttributes = {
					16A5D043294C7C8C00DE2C36 = {
						CreatedOnToolsVersion = 14.1;
					};
				};
			};
			buildConfigurationList = 16A5D03F294C7C8C00DE2C36 /* Build configuration list for PBXProject "ShakeerMachineTest" */;
			compatibilityVersion = "Xcode 14.0";
			developmentRegion = en;
			hasScannedForEncodings = 0;
			knownRegions = (
				en,
				Base,
			);
			mainGroup = 16A5D03B294C7C8C00DE2C36;
			productRefGroup = 16A5D045294C7C8C00DE2C36 /* Products */;
			projectDirPath = "";
			projectRoot = "";
			targets = (
				16A5D043294C7C8C00DE2C36 /* ShakeerMachineTest */,
			);
		};
/* End PBXProject section */

/* Begin PBXResourcesBuildPhase section */
		16A5D042294C7C8C00DE2C36 /* Resources */ = {
			isa = PBXResourcesBuildPhase;
			buildActionMask = 2147483647;
			files = (
				16A5D054294C7C8D00DE2C36 /* LaunchScreen.storyboard in Resources */,
				16A5D051294C7C8D00DE2C36 /* Assets.xcassets in Resources */,
				16A5D04F294C7C8C00DE2C36 /* Main.storyboard in Resources */,
			);
			runOnlyForDeploymentPostprocessing = 0;
		};
/* End PBXResourcesBuildPhase section */

/* Begin PBXShellScriptBuildPhase section */
		1352CFF9F8DF71ACD2E1D37F /* [CP] Embed Pods Frameworks */ = {
			isa = PBXShellScriptBuildPhase;
			buildActionMask = 2147483647;
			files = (
			);
			inputFileListPaths = (
				"${PODS_ROOT}/Target Support Files/Pods-ShakeerMachineTest/Pods-ShakeerMachineTest-frameworks-${CONFIGURATION}-input-files.xcfilelist",
			);
			name = "[CP] Embed Pods Frameworks";
			outputFileListPaths = (
				"${PODS_ROOT}/Target Support Files/Pods-ShakeerMachineTest/Pods-ShakeerMachineTest-frameworks-${CONFIGURATION}-output-files.xcfilelist",
			);
			runOnlyForDeploymentPostprocessing = 0;
			shellPath = /bin/sh;
			shellScript = "\"${PODS_ROOT}/Target Support Files/Pods-ShakeerMachineTest/Pods-ShakeerMachineTest-frameworks.sh\"\n";
			showEnvVarsInLog = 0;
		};
		5723657E33DFFBF92FBBD588 /* [CP] Check Pods Manifest.lock */ = {
			isa = PBXShellScriptBuildPhase;
			buildActionMask = 2147483647;
			files = (
			);
			inputFileListPaths = (
			);
			inputPaths = (
				"${PODS_PODFILE_DIR_PATH}/Podfile.lock",
				"${PODS_ROOT}/Manifest.lock",
			);
			name = "[CP] Check Pods Manifest.lock";
			outputFileListPaths = (
			);
			outputPaths = (
				"$(DERIVED_FILE_DIR)/Pods-ShakeerMachineTest-checkManifestLockResult.txt",
			);
			runOnlyForDeploymentPostprocessing = 0;
			shellPath = /bin/sh;
			shellScript = "diff \"${PODS_PODFILE_DIR_PATH}/Podfile.lock\" \"${PODS_ROOT}/Manifest.lock\" > /dev/null\nif [ $? != 0 ] ; then\n    # print error to STDERR\n    echo \"error: The sandbox is not in sync with the Podfile.lock. Run 'pod install' or update your CocoaPods installation.\" >&2\n    exit 1\nfi\n# This output is used by Xcode 'outputs' to avoid re-running this script phase.\necho \"SUCCESS\" > \"${SCRIPT_OUTPUT_FILE_0}\"\n";
			showEnvVarsInLog = 0;
		};
/* End PBXShellScriptBuildPhase section */

/* Begin PBXSourcesBuildPhase section */
		16A5D040294C7C8C00DE2C36 /* Sources */ = {
			isa = PBXSourcesBuildPhase;
			buildActionMask = 2147483647;
			files = (
				16A5D05E294C872300DE2C36 /* RestAPIManager.swift in Sources */,
				16A5D06C294CD74A00DE2C36 /* ImageViewController.swift in Sources */,
				16A5D04C294C7C8C00DE2C36 /* ListingVC.swift in Sources */,
				16A5D06A294CD6AE00DE2C36 /* ImageCollectionViewCell.swift in Sources */,
				16A5D067294CB54100DE2C36 /* NotesDetailVC.swift in Sources */,
				16A5D048294C7C8C00DE2C36 /* AppDelegate.swift in Sources */,
				163AAA8A294F8055002A34F1 /* UserDetailViewController.swift in Sources */,
				16A5D05C294C7DA500DE2C36 /* ListingTableViewCell.swift in Sources */,
				16A5D04A294C7C8C00DE2C36 /* SceneDelegate.swift in Sources */,
				16A5D060294C8A3E00DE2C36 /* NoteListModel.swift in Sources */,
			);
			runOnlyForDeploymentPostprocessing = 0;
		};
/* End PBXSourcesBuildPhase section */

/* Begin PBXVariantGroup section */
		16A5D04D294C7C8C00DE2C36 /* Main.storyboard */ = {
			isa = PBXVariantGroup;
			children = (
				16A5D04E294C7C8C00DE2C36 /* Base */,
			);
			name = Main.storyboard;
			sourceTree = "<group>";
		};
		16A5D052294C7C8D00DE2C36 /* LaunchScreen.storyboard */ = {
			isa = PBXVariantGroup;
			children = (
				16A5D053294C7C8D00DE2C36 /* Base */,
			);
			name = LaunchScreen.storyboard;
			sourceTree = "<group>";
		};
/* End PBXVariantGroup section */

/* Begin XCBuildConfiguration section */
		16A5D056294C7C8D00DE2C36 /* Debug */ = {
			isa = XCBuildConfiguration;
			buildSettings = {
				ALWAYS_SEARCH_USER_PATHS = NO;
				CLANG_ANALYZER_NONNULL = YES;
				CLANG_ANALYZER_NUMBER_OBJECT_CONVERSION = YES_AGGRESSIVE;
				CLANG_CXX_LANGUAGE_STANDARD = "gnu++20";
				CLANG_ENABLE_MODULES = YES;
				CLANG_ENABLE_OBJC_ARC = YES;
				CLANG_ENABLE_OBJC_WEAK = YES;
				CLANG_WARN_BLOCK_CAPTURE_AUTORELEASING = YES;
				CLANG_WARN_BOOL_CONVERSION = YES;
				CLANG_WARN_COMMA = YES;
				CLANG_WARN_CONSTANT_CONVERSION = YES;
				CLANG_WARN_DEPRECATED_OBJC_IMPLEMENTATIONS = YES;
				CLANG_WARN_DIRECT_OBJC_ISA_USAGE = YES_ERROR;
				CLANG_WARN_DOCUMENTATION_COMMENTS = YES;
				CLANG_WARN_EMPTY_BODY = YES;
				CLANG_WARN_ENUM_CONVERSION = YES;
				CLANG_WARN_INFINITE_RECURSION = YES;
				CLANG_WARN_INT_CONVERSION = YES;
				CLANG_WARN_NON_LITERAL_NULL_CONVERSION = YES;
				CLANG_WARN_OBJC_IMPLICIT_RETAIN_SELF = YES;
				CLANG_WARN_OBJC_LITERAL_CONVERSION = YES;
				CLANG_WARN_OBJC_ROOT_CLASS = YES_ERROR;
				CLANG_WARN_QUOTED_INCLUDE_IN_FRAMEWORK_HEADER = YES;
				CLANG_WARN_RANGE_LOOP_ANALYSIS = YES;
				CLANG_WARN_STRICT_PROTOTYPES = YES;
				CLANG_WARN_SUSPICIOUS_MOVE = YES;
				CLANG_WARN_UNGUARDED_AVAILABILITY = YES_AGGRESSIVE;
				CLANG_WARN_UNREACHABLE_CODE = YES;
				CLANG_WARN__DUPLICATE_METHOD_MATCH = YES;
				COPY_PHASE_STRIP = NO;
				DEBUG_INFORMATION_FORMAT = dwarf;
				ENABLE_STRICT_OBJC_MSGSEND = YES;
				ENABLE_TESTABILITY = YES;
				GCC_C_LANGUAGE_STANDARD = gnu11;
				GCC_DYNAMIC_NO_PIC = NO;
				GCC_NO_COMMON_BLOCKS = YES;
				GCC_OPTIMIZATION_LEVEL = 0;
				GCC_PREPROCESSOR_DEFINITIONS = (
					"DEBUG=1",
					"$(inherited)",
				);
				GCC_WARN_64_TO_32_BIT_CONVERSION = YES;
				GCC_WARN_ABOUT_RETURN_TYPE = YES_ERROR;
				GCC_WARN_UNDECLARED_SELECTOR = YES;
				GCC_WARN_UNINITIALIZED_AUTOS = YES_AGGRESSIVE;
				GCC_WARN_UNUSED_FUNCTION = YES;
				GCC_WARN_UNUSED_VARIABLE = YES;
				IPHONEOS_DEPLOYMENT_TARGET = 16.1;
				MTL_ENABLE_DEBUG_INFO = INCLUDE_SOURCE;
				MTL_FAST_MATH = YES;
				ONLY_ACTIVE_ARCH = YES;
				SDKROOT = iphoneos;
				SWIFT_ACTIVE_COMPILATION_CONDITIONS = DEBUG;
				SWIFT_OPTIMIZATION_LEVEL = "-Onone";
			};
			name = Debug;
		};
		16A5D057294C7C8D00DE2C36 /* Release */ = {
			isa = XCBuildConfiguration;
			buildSettings = {
				ALWAYS_SEARCH_USER_PATHS = NO;
				CLANG_ANALYZER_NONNULL = YES;
				CLANG_ANALYZER_NUMBER_OBJECT_CONVERSION = YES_AGGRESSIVE;
				CLANG_CXX_LANGUAGE_STANDARD = "gnu++20";
				CLANG_ENABLE_MODULES = YES;
				CLANG_ENABLE_OBJC_ARC = YES;
				CLANG_ENABLE_OBJC_WEAK = YES;
				CLANG_WARN_BLOCK_CAPTURE_AUTORELEASING = YES;
				CLANG_WARN_BOOL_CONVERSION = YES;
				CLANG_WARN_COMMA = YES;
				CLANG_WARN_CONSTANT_CONVERSION = YES;
				CLANG_WARN_DEPRECATED_OBJC_IMPLEMENTATIONS = YES;
				CLANG_WARN_DIRECT_OBJC_ISA_USAGE = YES_ERROR;
				CLANG_WARN_DOCUMENTATION_COMMENTS = YES;
				CLANG_WARN_EMPTY_BODY = YES;
				CLANG_WARN_ENUM_CONVERSION = YES;
				CLANG_WARN_INFINITE_RECURSION = YES;
				CLANG_WARN_INT_CONVERSION = YES;
				CLANG_WARN_NON_LITERAL_NULL_CONVERSION = YES;
				CLANG_WARN_OBJC_IMPLICIT_RETAIN_SELF = YES;
				CLANG_WARN_OBJC_LITERAL_CONVERSION = YES;
				CLANG_WARN_OBJC_ROOT_CLASS = YES_ERROR;
				CLANG_WARN_QUOTED_INCLUDE_IN_FRAMEWORK_HEADER = YES;
				CLANG_WARN_RANGE_LOOP_ANALYSIS = YES;
				CLANG_WARN_STRICT_PROTOTYPES = YES;
				CLANG_WARN_SUSPICIOUS_MOVE = YES;
				CLANG_WARN_UNGUARDED_AVAILABILITY = YES_AGGRESSIVE;
				CLANG_WARN_UNREACHABLE_CODE = YES;
				CLANG_WARN__DUPLICATE_METHOD_MATCH = YES;
				COPY_PHASE_STRIP = NO;
				DEBUG_INFORMATION_FORMAT = "dwarf-with-dsym";
				ENABLE_NS_ASSERTIONS = NO;
				ENABLE_STRICT_OBJC_MSGSEND = YES;
				GCC_C_LANGUAGE_STANDARD = gnu11;
				GCC_NO_COMMON_BLOCKS = YES;
				GCC_WARN_64_TO_32_BIT_CONVERSION = YES;
				GCC_WARN_ABOUT_RETURN_TYPE = YES_ERROR;
				GCC_WARN_UNDECLARED_SELECTOR = YES;
				GCC_WARN_UNINITIALIZED_AUTOS = YES_AGGRESSIVE;
				GCC_WARN_UNUSED_FUNCTION = YES;
				GCC_WARN_UNUSED_VARIABLE = YES;
				IPHONEOS_DEPLOYMENT_TARGET = 16.1;
				MTL_ENABLE_DEBUG_INFO = NO;
				MTL_FAST_MATH = YES;
				SDKROOT = iphoneos;
				SWIFT_COMPILATION_MODE = wholemodule;
				SWIFT_OPTIMIZATION_LEVEL = "-O";
				VALIDATE_PRODUCT = YES;
			};
			name = Release;
		};
		16A5D059294C7C8D00DE2C36 /* Debug */ = {
			isa = XCBuildConfiguration;
			baseConfigurationReference = 5B3BAFF454C190E9EF20AA73 /* Pods-ShakeerMachineTest.debug.xcconfig */;
			buildSettings = {
				ASSETCATALOG_COMPILER_APPICON_NAME = AppIcon;
				ASSETCATALOG_COMPILER_GLOBAL_ACCENT_COLOR_NAME = AccentColor;
				CODE_SIGN_STYLE = Automatic;
				CURRENT_PROJECT_VERSION = 1;
				GENERATE_INFOPLIST_FILE = YES;
				INFOPLIST_FILE = ShakeerMachineTest/Info.plist;
				INFOPLIST_KEY_UIApplicationSupportsIndirectInputEvents = YES;
				INFOPLIST_KEY_UILaunchStoryboardName = LaunchScreen;
				INFOPLIST_KEY_UIMainStoryboardFile = Main;
				INFOPLIST_KEY_UISupportedInterfaceOrientations_iPad = "UIInterfaceOrientationPortrait UIInterfaceOrientationPortraitUpsideDown UIInterfaceOrientationLandscapeLeft UIInterfaceOrientationLandscapeRight";
				INFOPLIST_KEY_UISupportedInterfaceOrientations_iPhone = "UIInterfaceOrientationPortrait UIInterfaceOrientationLandscapeLeft UIInterfaceOrientationLandscapeRight";
				LD_RUNPATH_SEARCH_PATHS = (
					"$(inherited)",
					"@executable_path/Frameworks",
				);
				MARKETING_VERSION = 1.0;
				PRODUCT_BUNDLE_IDENTIFIER = Shakeer.ShakeerMachineTest;
				PRODUCT_NAME = "$(TARGET_NAME)";
				SWIFT_EMIT_LOC_STRINGS = YES;
				SWIFT_VERSION = 5.0;
				TARGETED_DEVICE_FAMILY = "1,2";
			};
			name = Debug;
		};
		16A5D05A294C7C8D00DE2C36 /* Release */ = {
			isa = XCBuildConfiguration;
			baseConfigurationReference = B9A5732C7F4FBA7D8BE98A26 /* Pods-ShakeerMachineTest.release.xcconfig */;
			buildSettings = {
				ASSETCATALOG_COMPILER_APPICON_NAME = AppIcon;
				ASSETCATALOG_COMPILER_GLOBAL_ACCENT_COLOR_NAME = AccentColor;
				CODE_SIGN_STYLE = Automatic;
				CURRENT_PROJECT_VERSION = 1;
				GENERATE_INFOPLIST_FILE = YES;
				INFOPLIST_FILE = ShakeerMachineTest/Info.plist;
				INFOPLIST_KEY_UIApplicationSupportsIndirectInputEvents = YES;
				INFOPLIST_KEY_UILaunchStoryboardName = LaunchScreen;
				INFOPLIST_KEY_UIMainStoryboardFile = Main;
				INFOPLIST_KEY_UISupportedInterfaceOrientations_iPad = "UIInterfaceOrientationPortrait UIInterfaceOrientationPortraitUpsideDown UIInterfaceOrientationLandscapeLeft UIInterfaceOrientationLandscapeRight";
				INFOPLIST_KEY_UISupportedInterfaceOrientations_iPhone = "UIInterfaceOrientationPortrait UIInterfaceOrientationLandscapeLeft UIInterfaceOrientationLandscapeRight";
				LD_RUNPATH_SEARCH_PATHS = (
					"$(inherited)",
					"@executable_path/Frameworks",
				);
				MARKETING_VERSION = 1.0;
				PRODUCT_BUNDLE_IDENTIFIER = Shakeer.ShakeerMachineTest;
				PRODUCT_NAME = "$(TARGET_NAME)";
				SWIFT_EMIT_LOC_STRINGS = YES;
				SWIFT_VERSION = 5.0;
				TARGETED_DEVICE_FAMILY = "1,2";
			};
			name = Release;
		};
/* End XCBuildConfiguration section */

/* Begin XCConfigurationList section */
		16A5D03F294C7C8C00DE2C36 /* Build configuration list for PBXProject "ShakeerMachineTest" */ = {
			isa = XCConfigurationList;
			buildConfigurations = (
				16A5D056294C7C8D00DE2C36 /* Debug */,
				16A5D057294C7C8D00DE2C36 /* Release */,
			);
			defaultConfigurationIsVisible = 0;
			defaultConfigurationName = Release;
		};
		16A5D058294C7C8D00DE2C36 /* Build configuration list for PBXNativeTarget "ShakeerMachineTest" */ = {
			isa = XCConfigurationList;
			buildConfigurations = (
				16A5D059294C7C8D00DE2C36 /* Debug */,
				16A5D05A294C7C8D00DE2C36 /* Release */,
			);
			defaultConfigurationIsVisible = 0;
			defaultConfigurationName = Release;
		};
/* End XCConfigurationList section */
	};
	rootObject = 16A5D03C294C7C8C00DE2C36 /* Project object */;
}
